
Microsoft Visual Studio Solution File, Format Version 12.00
# Visual Studio Version 17
VisualStudioVersion = 17.1.32210.238
MinimumVisualStudioVersion = 10.0.40219.1
Project("{FAE04EC0-301F-11D3-BF4B-00C04F79EFBC}") = "creds_hunt", "creds_hunt.csproj", "{21942E0D-598B-4023-83CF-6B1D6E23B4C9}"
EndProject
Global
	GlobalSection(SolutionConfigurationPlatforms) = preSolution
		Debug|Any CPU = Debug|Any CPU
		Release|Any CPU = Release|Any CPU
	EndGlobalSection
	GlobalSection(ProjectConfigurationPlatforms) = postSolution
		{21942E0D-598B-4023-83CF-6B1D6E23B4C9}.Debug|Any CPU.ActiveCfg = Debug|Any CPU
		{21942E0D-598B-4023-83CF-6B1D6E23B4C9}.Debug|Any CPU.Build.0 = Debug|Any CPU
		{21942E0D-598B-4023-83CF-6B1D6E23B4C9}.Release|Any CPU.ActiveCfg = Release|Any CPU
		{21942E0D-598B-4023-83CF-6B1D6E23B4C9}.Release|Any CPU.Build.0 = Release|Any CPU
	EndGlobalSection
	GlobalSection(SolutionProperties) = preSolution
		HideSolutionNode = FALSE
	EndGlobalSection
	GlobalSection(ExtensibilityGlobals) = postSolution
		SolutionGuid = {5A44735F-2BD2-49B3-9BE5-9FE94A593DF4}
	EndGlobalSection
EndGlobal
